
Microsoft Visual Studio Solution File, Format Version 11.00
# Visual Studio 2010
Project("{FAE04EC0-301F-11D3-BF4B-00C04F79EFBC}") = "2.1.14_Homework", "2.1.14_Homework\2.1.14_Homework.csproj", "{C94AC935-E10F-4C40-92E3-378DAA9B4FD3}"
EndProject
Global
	GlobalSection(SolutionConfigurationPlatforms) = preSolution
		Debug|x86 = Debug|x86
		Release|x86 = Release|x86
	EndGlobalSection
	GlobalSection(ProjectConfigurationPlatforms) = postSolution
		{C94AC935-E10F-4C40-92E3-378DAA9B4FD3}.Debug|x86.ActiveCfg = Debug|x86
		{C94AC935-E10F-4C40-92E3-378DAA9B4FD3}.Debug|x86.Build.0 = Debug|x86
		{C94AC935-E10F-4C40-92E3-378DAA9B4FD3}.Release|x86.ActiveCfg = Release|x86
		{C94AC935-E10F-4C40-92E3-378DAA9B4FD3}.Release|x86.Build.0 = Release|x86
	EndGlobalSection
	GlobalSection(SolutionProperties) = preSolution
		HideSolutionNode = FALSE
	EndGlobalSection
EndGlobal
