
Microsoft Visual Studio Solution File, Format Version 11.00
# Visual Studio 2010
Project("{FAE04EC0-301F-11D3-BF4B-00C04F79EFBC}") = "23.1.14", "23.1.14\23.1.14.csproj", "{79417688-F6E4-411A-903D-377B20FE742E}"
EndProject
Global
	GlobalSection(SolutionConfigurationPlatforms) = preSolution
		Debug|x86 = Debug|x86
		Release|x86 = Release|x86
	EndGlobalSection
	GlobalSection(ProjectConfigurationPlatforms) = postSolution
		{79417688-F6E4-411A-903D-377B20FE742E}.Debug|x86.ActiveCfg = Debug|x86
		{79417688-F6E4-411A-903D-377B20FE742E}.Debug|x86.Build.0 = Debug|x86
		{79417688-F6E4-411A-903D-377B20FE742E}.Release|x86.ActiveCfg = Release|x86
		{79417688-F6E4-411A-903D-377B20FE742E}.Release|x86.Build.0 = Release|x86
	EndGlobalSection
	GlobalSection(SolutionProperties) = preSolution
		HideSolutionNode = FALSE
	EndGlobalSection
EndGlobal
